
Microsoft Visual Studio Solution File, Format Version 12.00
# Visual Studio 15
VisualStudioVersion = 15.0.27004.2008
MinimumVisualStudioVersion = 10.0.40219.1
Project("{FAE04EC0-301F-11D3-BF4B-00C04F79EFBC}") = "Exercise_4", "Exercise_4\Exercise_4.csproj", "{1CF1BFC8-3BA8-481E-931A-11C78630DC12}"
EndProject
Global
	GlobalSection(SolutionConfigurationPlatforms) = preSolution
		Debug|Any CPU = Debug|Any CPU
		Release|Any CPU = Release|Any CPU
	EndGlobalSection
	GlobalSection(ProjectConfigurationPlatforms) = postSolution
		{1CF1BFC8-3BA8-481E-931A-11C78630DC12}.Debug|Any CPU.ActiveCfg = Debug|Any CPU
		{1CF1BFC8-3BA8-481E-931A-11C78630DC12}.Debug|Any CPU.Build.0 = Debug|Any CPU
		{1CF1BFC8-3BA8-481E-931A-11C78630DC12}.Release|Any CPU.ActiveCfg = Release|Any CPU
		{1CF1BFC8-3BA8-481E-931A-11C78630DC12}.Release|Any CPU.Build.0 = Release|Any CPU
	EndGlobalSection
	GlobalSection(SolutionProperties) = preSolution
		HideSolutionNode = FALSE
	EndGlobalSection
	GlobalSection(ExtensibilityGlobals) = postSolution
		SolutionGuid = {F091B477-9B39-4403-8C1D-04310461D3E6}
	EndGlobalSection
EndGlobal
